// !$*UTF8*$!
{
	archiveVersion = 1;
	classes = {
	};
	objectVersion = 46;
	objects = {

/* Begin PBXBuildFile section */
		70E746521C42B481000F9518 /* glm.cpp in Sources */ = {isa = PBXBuildFile; fileRef = 70E746501C42B481000F9518 /* glm.cpp */; };
		AB50C4631B37EB0D008ABE12 /* GLUT.framework in Frameworks */ = {isa = PBXBuildFile; fileRef = AB50C4621B37EB0D008ABE12 /* GLUT.framework */; };
		AB50C4651B37EB14008ABE12 /* OpenGL.framework in Frameworks */ = {isa = PBXBuildFile; fileRef = AB50C4641B37EB14008ABE12 /* OpenGL.framework */; };
		AC3FC4EB1B37E8AD00C62161 /* main.cpp in Sources */ = {isa = PBXBuildFile; fileRef = AC3FC4EA1B37E8AD00C62161 /* main.cpp */; };
/* End PBXBuildFile section */

/* Begin PBXCopyFilesBuildPhase section */
		AC3FC4E51B37E8AD00C62161 /* CopyFiles */ = {
			isa = PBXCopyFilesBuildPhase;
			buildActionMask = 2147483647;
			dstPath = /usr/share/man/man1/;
			dstSubfolderSpec = 0;
			files = (
			);
			runOnlyForDeploymentPostprocessing = 1;
		};
/* End PBXCopyFilesBuildPhase section */

/* Begin PBXFileReference section */
		70E746501C42B481000F9518 /* glm.cpp */ = {isa = PBXFileReference; fileEncoding = 4; lastKnownFileType = sourcecode.cpp.cpp; path = glm.cpp; sourceTree = "<group>"; };
		70E746511C42B481000F9518 /* glm.h */ = {isa = PBXFileReference; fileEncoding = 4; lastKnownFileType = sourcecode.c.h; path = glm.h; sourceTree = "<group>"; };
		AB4A1C811B381CD400BE4872 /* main1.h */ = {isa = PBXFileReference; lastKnownFileType = sourcecode.c.h; path = main1.h; sourceTree = "<group>"; };
		AB50C4621B37EB0D008ABE12 /* GLUT.framework */ = {isa = PBXFileReference; lastKnownFileType = wrapper.framework; name = GLUT.framework; path = System/Library/Frameworks/GLUT.framework; sourceTree = SDKROOT; };
		AB50C4641B37EB14008ABE12 /* OpenGL.framework */ = {isa = PBXFileReference; lastKnownFileType = wrapper.framework; name = OpenGL.framework; path = System/Library/Frameworks/OpenGL.framework; sourceTree = SDKROOT; };
		AC3FC4E71B37E8AD00C62161 /* CG_project */ = {isa = PBXFileReference; explicitFileType = "compiled.mach-o.executable"; includeInIndex = 0; path = CG_project; sourceTree = BUILT_PRODUCTS_DIR; };
		AC3FC4EA1B37E8AD00C62161 /* main.cpp */ = {isa = PBXFileReference; lastKnownFileType = sourcecode.cpp.cpp; path = main.cpp; sourceTree = "<group>"; };
/* End PBXFileReference section */

/* Begin PBXFrameworksBuildPhase section */
		AC3FC4E41B37E8AD00C62161 /* Frameworks */ = {
			isa = PBXFrameworksBuildPhase;
			buildActionMask = 2147483647;
			files = (
				AB50C4651B37EB14008ABE12 /* OpenGL.framework in Frameworks */,
				AB50C4631B37EB0D008ABE12 /* GLUT.framework in Frameworks */,
			);
			runOnlyForDeploymentPostprocessing = 0;
		};
/* End PBXFrameworksBuildPhase section */

/* Begin PBXGroup section */
		AC3FC4DE1B37E8AD00C62161 = {
			isa = PBXGroup;
			children = (
				AB50C4641B37EB14008ABE12 /* OpenGL.framework */,
				AB50C4621B37EB0D008ABE12 /* GLUT.framework */,
				AC3FC4E91B37E8AD00C62161 /* CG_project */,
				AC3FC4E81B37E8AD00C62161 /* Products */,
			);
			sourceTree = "<group>";
		};
		AC3FC4E81B37E8AD00C62161 /* Products */ = {
			isa = PBXGroup;
			children = (
				AC3FC4E71B37E8AD00C62161 /* CG_project */,
			);
			name = Products;
			sourceTree = "<group>";
		};
		AC3FC4E91B37E8AD00C62161 /* CG_project */ = {
			isa = PBXGroup;
			children = (
				AC3FC4EA1B37E8AD00C62161 /* main.cpp */,
				70E746501C42B481000F9518 /* glm.cpp */,
				70E746511C42B481000F9518 /* glm.h */,
				AB4A1C811B381CD400BE4872 /* main1.h */,
			);
			path = CG_project;
			sourceTree = "<group>";
		};
/* End PBXGroup section */

/* Begin PBXNativeTarget section */
		AC3FC4E61B37E8AD00C62161 /* CG_project */ = {
			isa = PBXNativeTarget;
			buildConfigurationList = AC3FC4EE1B37E8AD00C62161 /* Build configuration list for PBXNativeTarget "CG_project" */;
			buildPhases = (
				AC3FC4E31B37E8AD00C62161 /* Sources */,
				AC3FC4E41B37E8AD00C62161 /* Frameworks */,
				AC3FC4E51B37E8AD00C62161 /* CopyFiles */,
			);
			buildRules = (
			);
			dependencies = (
			);
			name = CG_project;
			productName = CG_project;
			productReference = AC3FC4E71B37E8AD00C62161 /* CG_project */;
			productType = "com.apple.product-type.tool";
		};
/* End PBXNativeTarget section */

/* Begin PBXProject section */
		AC3FC4DF1B37E8AD00C62161 /* Project object */ = {
			isa = PBXProject;
			attributes = {
				LastUpgradeCheck = 0630;
				ORGANIZATIONNAME = lhq;
				TargetAttributes = {
					AC3FC4E61B37E8AD00C62161 = {
						CreatedOnToolsVersion = 6.3.1;
					};
				};
			};
			buildConfigurationList = AC3FC4E21B37E8AD00C62161 /* Build configuration list for PBXProject "CG_project" */;
			compatibilityVersion = "Xcode 3.2";
			developmentRegion = English;
			hasScannedForEncodings = 0;
			knownRegions = (
				en,
			);
			mainGroup = AC3FC4DE1B37E8AD00C62161;
			productRefGroup = AC3FC4E81B37E8AD00C62161 /* Products */;
			projectDirPath = "";
			projectRoot = "";
			targets = (
				AC3FC4E61B37E8AD00C62161 /* CG_project */,
			);
		};
/* End PBXProject section */

/* Begin PBXSourcesBuildPhase section */
		AC3FC4E31B37E8AD00C62161 /* Sources */ = {
			isa = PBXSourcesBuildPhase;
			buildActionMask = 2147483647;
			files = (
				70E746521C42B481000F9518 /* glm.cpp in Sources */,
				AC3FC4EB1B37E8AD00C62161 /* main.cpp in Sources */,
			);
			runOnlyForDeploymentPostprocessing = 0;
		};
/* End PBXSourcesBuildPhase section */

/* Begin XCBuildConfiguration section */
		AC3FC4EC1B37E8AD00C62161 /* Debug */ = {
			isa = XCBuildConfiguration;
			buildSettings = {
				ALWAYS_SEARCH_USER_PATHS = NO;
				CLANG_CXX_LANGUAGE_STANDARD = "gnu++0x";
				CLANG_CXX_LIBRARY = "libc++";
				CLANG_ENABLE_MODULES = YES;
				CLANG_ENABLE_OBJC_ARC = YES;
				CLANG_WARN_BOOL_CONVERSION = YES;
				CLANG_WARN_CONSTANT_CONVERSION = YES;
				CLANG_WARN_DIRECT_OBJC_ISA_USAGE = YES_ERROR;
				CLANG_WARN_EMPTY_BODY = YES;
				CLANG_WARN_ENUM_CONVERSION = YES;
				CLANG_WARN_INT_CONVERSION = YES;
				CLANG_WARN_OBJC_ROOT_CLASS = YES_ERROR;
				CLANG_WARN_UNREACHABLE_CODE = YES;
				CLANG_WARN__DUPLICATE_METHOD_MATCH = YES;
				COPY_PHASE_STRIP = NO;
				DEBUG_INFORMATION_FORMAT = dwarf;
				ENABLE_STRICT_OBJC_MSGSEND = YES;
				GCC_C_LANGUAGE_STANDARD = gnu99;
				GCC_DYNAMIC_NO_PIC = NO;
				GCC_NO_COMMON_BLOCKS = YES;
				GCC_OPTIMIZATION_LEVEL = 0;
				GCC_PREPROCESSOR_DEFINITIONS = (
					"DEBUG=1",
					"$(inherited)",
				);
				GCC_SYMBOLS_PRIVATE_EXTERN = NO;
				GCC_WARN_64_TO_32_BIT_CONVERSION = YES;
				GCC_WARN_ABOUT_RETURN_TYPE = YES_ERROR;
				GCC_WARN_UNDECLARED_SELECTOR = YES;
				GCC_WARN_UNINITIALIZED_AUTOS = YES_AGGRESSIVE;
				GCC_WARN_UNUSED_FUNCTION = YES;
				GCC_WARN_UNUSED_VARIABLE = YES;
				MACOSX_DEPLOYMENT_TARGET = 10.90;
				MTL_ENABLE_DEBUG_INFO = YES;
				ONLY_ACTIVE_ARCH = YES;
				SDKROOT = macosx;
			};
			name = Debug;
		};
		AC3FC4ED1B37E8AD00C62161 /* Release */ = {
			isa = XCBuildConfiguration;
			buildSettings = {
				ALWAYS_SEARCH_USER_PATHS = NO;
				CLANG_CXX_LANGUAGE_STANDARD = "gnu++0x";
				CLANG_CXX_LIBRARY = "libc++";
				CLANG_ENABLE_MODULES = YES;
				CLANG_ENABLE_OBJC_ARC = YES;
				CLANG_WARN_BOOL_CONVERSION = YES;
				CLANG_WARN_CONSTANT_CONVERSION = YES;
				CLANG_WARN_DIRECT_OBJC_ISA_USAGE = YES_ERROR;
				CLANG_WARN_EMPTY_BODY = YES;
				CLANG_WARN_ENUM_CONVERSION = YES;
				CLANG_WARN_INT_CONVERSION = YES;
				CLANG_WARN_OBJC_ROOT_CLASS = YES_ERROR;
				CLANG_WARN_UNREACHABLE_CODE = YES;
				CLANG_WARN__DUPLICATE_METHOD_MATCH = YES;
				COPY_PHASE_STRIP = NO;
				DEBUG_INFORMATION_FORMAT = "dwarf-with-dsym";
				ENABLE_NS_ASSERTIONS = NO;
				ENABLE_STRICT_OBJC_MSGSEND = YES;
				GCC_C_LANGUAGE_STANDARD = gnu99;
				GCC_NO_COMMON_BLOCKS = YES;
				GCC_WARN_64_TO_32_BIT_CONVERSION = YES;
				GCC_WARN_ABOUT_RETURN_TYPE = YES_ERROR;
				GCC_WARN_UNDECLARED_SELECTOR = YES;
				GCC_WARN_UNINITIALIZED_AUTOS = YES_AGGRESSIVE;
				GCC_WARN_UNUSED_FUNCTION = YES;
				GCC_WARN_UNUSED_VARIABLE = YES;
				MACOSX_DEPLOYMENT_TARGET = 10.90;
				MTL_ENABLE_DEBUG_INFO = NO;
				SDKROOT = macosx;
			};
			name = Release;
		};
		AC3FC4EF1B37E8AD00C62161 /* Debug */ = {
			isa = XCBuildConfiguration;
			buildSettings = {
				HEADER_SEARCH_PATHS = /usr/local/include/glm;
				MACOSX_DEPLOYMENT_TARGET = 10.9;
				PRODUCT_NAME = "$(TARGET_NAME)";
			};
			name = Debug;
		};
		AC3FC4F01B37E8AD00C62161 /* Release */ = {
			isa = XCBuildConfiguration;
			buildSettings = {
				HEADER_SEARCH_PATHS = /usr/local/include/glm;
				MACOSX_DEPLOYMENT_TARGET = 10.9;
				PRODUCT_NAME = "$(TARGET_NAME)";
			};
			name = Release;
		};
/* End XCBuildConfiguration section */

/* Begin XCConfigurationList section */
		AC3FC4E21B37E8AD00C62161 /* Build configuration list for PBXProject "CG_project" */ = {
			isa = XCConfigurationList;
			buildConfigurations = (
				AC3FC4EC1B37E8AD00C62161 /* Debug */,
				AC3FC4ED1B37E8AD00C62161 /* Release */,
			);
			defaultConfigurationIsVisible = 0;
			defaultConfigurationName = Release;
		};
		AC3FC4EE1B37E8AD00C62161 /* Build configuration list for PBXNativeTarget "CG_project" */ = {
			isa = XCConfigurationList;
			buildConfigurations = (
				AC3FC4EF1B37E8AD00C62161 /* Debug */,
				AC3FC4F01B37E8AD00C62161 /* Release */,
			);
			defaultConfigurationIsVisible = 0;
			defaultConfigurationName = Release;
		};
/* End XCConfigurationList section */
	};
	rootObject = AC3FC4DF1B37E8AD00C62161 /* Project object */;
}
